
Microsoft Visual Studio Solution File, Format Version 12.00
# Visual Studio Version 16
VisualStudioVersion = 16.0.32126.315
MinimumVisualStudioVersion = 10.0.40219.1
Project("{FAE04EC0-301F-11D3-BF4B-00C04F79EFBC}") = "renga_net_template", "renga_net_template.csproj", "{3422C68E-CD19-4E1B-9FE8-4BD6F170F08F}"
EndProject
Global
	GlobalSection(SolutionConfigurationPlatforms) = preSolution
		Debug|Any CPU = Debug|Any CPU
		Release|Any CPU = Release|Any CPU
	EndGlobalSection
	GlobalSection(ProjectConfigurationPlatforms) = postSolution
		{3422C68E-CD19-4E1B-9FE8-4BD6F170F08F}.Debug|Any CPU.ActiveCfg = Debug|Any CPU
		{3422C68E-CD19-4E1B-9FE8-4BD6F170F08F}.Debug|Any CPU.Build.0 = Debug|Any CPU
		{3422C68E-CD19-4E1B-9FE8-4BD6F170F08F}.Release|Any CPU.ActiveCfg = Release|Any CPU
		{3422C68E-CD19-4E1B-9FE8-4BD6F170F08F}.Release|Any CPU.Build.0 = Release|Any CPU
	EndGlobalSection
	GlobalSection(SolutionProperties) = preSolution
		HideSolutionNode = FALSE
	EndGlobalSection
	GlobalSection(ExtensibilityGlobals) = postSolution
		SolutionGuid = {3E0EA6F9-0353-4966-9D52-D97841BA72FE}
	EndGlobalSection
EndGlobal
