
Microsoft Visual Studio Solution File, Format Version 12.00
# Visual Studio Version 16
VisualStudioVersion = 16.0.32126.315
MinimumVisualStudioVersion = 10.0.40219.1
Project("{8BC9CEB8-8B4A-11D0-8D11-00A0C91BC942}") = "geometry_research3", "geometry_research3\geometry_research3.vcxproj", "{88DE4B06-AAA0-4215-87B9-8799A9167EEF}"
EndProject
Global
	GlobalSection(SolutionConfigurationPlatforms) = preSolution
		Debug|x64 = Debug|x64
		Debug|x86 = Debug|x86
		Release|x64 = Release|x64
		Release|x86 = Release|x86
	EndGlobalSection
	GlobalSection(ProjectConfigurationPlatforms) = postSolution
		{88DE4B06-AAA0-4215-87B9-8799A9167EEF}.Debug|x64.ActiveCfg = Debug|x64
		{88DE4B06-AAA0-4215-87B9-8799A9167EEF}.Debug|x64.Build.0 = Debug|x64
		{88DE4B06-AAA0-4215-87B9-8799A9167EEF}.Debug|x86.ActiveCfg = Debug|Win32
		{88DE4B06-AAA0-4215-87B9-8799A9167EEF}.Debug|x86.Build.0 = Debug|Win32
		{88DE4B06-AAA0-4215-87B9-8799A9167EEF}.Release|x64.ActiveCfg = Release|x64
		{88DE4B06-AAA0-4215-87B9-8799A9167EEF}.Release|x64.Build.0 = Release|x64
		{88DE4B06-AAA0-4215-87B9-8799A9167EEF}.Release|x86.ActiveCfg = Release|Win32
		{88DE4B06-AAA0-4215-87B9-8799A9167EEF}.Release|x86.Build.0 = Release|Win32
	EndGlobalSection
	GlobalSection(SolutionProperties) = preSolution
		HideSolutionNode = FALSE
	EndGlobalSection
	GlobalSection(ExtensibilityGlobals) = postSolution
		SolutionGuid = {F6BF2A9C-A2B5-4F09-8C98-6201D4BFC2E0}
	EndGlobalSection
EndGlobal
